
Microsoft Visual Studio Solution File, Format Version 11.00
# Visual Studio 2010
Project("{FAE04EC0-301F-11D3-BF4B-00C04F79EFBC}") = "FizzBuzzTdd", "FizzBuzzTdd\FizzBuzzTdd.csproj", "{389A9849-6D49-406C-9860-407F401935AF}"
EndProject
Project("{2150E333-8FDC-42A3-9474-1A3956D46DE8}") = "Solution Items", "Solution Items", "{5326AEC3-E2EF-4D46-AD92-B490CD5DBADD}"
	ProjectSection(SolutionItems) = preProject
		FizzBuzzTdd.vsmdi = FizzBuzzTdd.vsmdi
		Local.testsettings = Local.testsettings
		TraceAndTestImpact.testsettings = TraceAndTestImpact.testsettings
	EndProjectSection
EndProject
Global
	GlobalSection(TestCaseManagementSettings) = postSolution
		CategoryFile = FizzBuzzTdd.vsmdi
	EndGlobalSection
	GlobalSection(SolutionConfigurationPlatforms) = preSolution
		Debug|Any CPU = Debug|Any CPU
		Release|Any CPU = Release|Any CPU
	EndGlobalSection
	GlobalSection(ProjectConfigurationPlatforms) = postSolution
		{389A9849-6D49-406C-9860-407F401935AF}.Debug|Any CPU.ActiveCfg = Debug|Any CPU
		{389A9849-6D49-406C-9860-407F401935AF}.Debug|Any CPU.Build.0 = Debug|Any CPU
		{389A9849-6D49-406C-9860-407F401935AF}.Release|Any CPU.ActiveCfg = Release|Any CPU
		{389A9849-6D49-406C-9860-407F401935AF}.Release|Any CPU.Build.0 = Release|Any CPU
	EndGlobalSection
	GlobalSection(SolutionProperties) = preSolution
		HideSolutionNode = FALSE
	EndGlobalSection
EndGlobal
